
Microsoft Visual Studio Solution File, Format Version 11.00
# Visual Studio 2010
Project("{FAE04EC0-301F-11D3-BF4B-00C04F79EFBC}") = "Assembly-CSharp", "Assembly-CSharp.csproj", "{bc0aec86-7698-d287-bf6c-9ac4e933f3ac}"
EndProject
Global
	GlobalSection(SolutionConfigurationPlatforms) = preSolution
		Debug|Any CPU = Debug|Any CPU
		Release|Any CPU = Release|Any CPU
	EndGlobalSection
	GlobalSection(ProjectConfigurationPlatforms) = postSolution
		{bc0aec86-7698-d287-bf6c-9ac4e933f3ac}.Debug|Any CPU.ActiveCfg = Debug|Any CPU
		{bc0aec86-7698-d287-bf6c-9ac4e933f3ac}.Debug|Any CPU.Build.0 = Debug|Any CPU
		{bc0aec86-7698-d287-bf6c-9ac4e933f3ac}.Release|Any CPU.ActiveCfg = Release|Any CPU
		{bc0aec86-7698-d287-bf6c-9ac4e933f3ac}.Release|Any CPU.Build.0 = Release|Any CPU
	EndGlobalSection
	GlobalSection(SolutionProperties) = preSolution
		HideSolutionNode = FALSE
	EndGlobalSection
EndGlobal
